// !$*UTF8*$!
{
	archiveVersion = 1;
	classes = {
	};
	objectVersion = 52;
	objects = {

/* Begin PBXBuildFile section */
		500DA69C26FF930A00C020B2 /* SAMKeychainQuery.h in Headers */ = {isa = PBXBuildFile; fileRef = 500DA69826FF930A00C020B2 /* SAMKeychainQuery.h */; };
		500DA69D26FF930A00C020B2 /* SAMKeychainQuery.m in Sources */ = {isa = PBXBuildFile; fileRef = 500DA69926FF930A00C020B2 /* SAMKeychainQuery.m */; };
		500DA6A026FF95B100C020B2 /* keychain.h in Headers */ = {isa = PBXBuildFile; fileRef = 500DA69E26FF95B100C020B2 /* keychain.h */; };
		500DA6A126FF95B100C020B2 /* keychain.m in Sources */ = {isa = PBXBuildFile; fileRef = 500DA69F26FF95B100C020B2 /* keychain.m */; };
		500DA6A426FF9CFE00C020B2 /* SAMKeychain.m in Sources */ = {isa = PBXBuildFile; fileRef = 500DA6A226FF9CFE00C020B2 /* SAMKeychain.m */; };
		500DA6A526FF9CFE00C020B2 /* SAMKeychain.h in Headers */ = {isa = PBXBuildFile; fileRef = 500DA6A326FF9CFE00C020B2 /* SAMKeychain.h */; };
		500DA6A826FF9D5100C020B2 /* AuthViewController.h in Headers */ = {isa = PBXBuildFile; fileRef = 500DA6A626FF9D5000C020B2 /* AuthViewController.h */; };
		500DA6A926FF9D5100C020B2 /* AuthViewController.m in Sources */ = {isa = PBXBuildFile; fileRef = 500DA6A726FF9D5100C020B2 /* AuthViewController.m */; };
		50198012250E053900207745 /* BHDownload.h in Headers */ = {isa = PBXBuildFile; fileRef = 50198010250E053900207745 /* BHDownload.h */; };
		50198013250E053900207745 /* BHDownload.m in Sources */ = {isa = PBXBuildFile; fileRef = 50198011250E053900207745 /* BHDownload.m */; };
		5020A87824E758E00080F292 /* UIKit.framework in Frameworks */ = {isa = PBXBuildFile; fileRef = 5020A87724E758E00080F292 /* UIKit.framework */; };
		5020A87A24E758E00080F292 /* Foundation.framework in Frameworks */ = {isa = PBXBuildFile; fileRef = 5020A87924E758E00080F292 /* Foundation.framework */; };
		5020A8D824E759190080F292 /* TWHeaders.h in Headers */ = {isa = PBXBuildFile; fileRef = 5020A8D524E759190080F292 /* TWHeaders.h */; };
		5020A8D924E759190080F292 /* BHTManager.h in Headers */ = {isa = PBXBuildFile; fileRef = 5020A8D624E759190080F292 /* BHTManager.h */; };
		5020A8DA24E759190080F292 /* BHTManager.m in Sources */ = {isa = PBXBuildFile; fileRef = 5020A8D724E759190080F292 /* BHTManager.m */; };
		5020AA6424E759590080F292 /* Colours.h in Headers */ = {isa = PBXBuildFile; fileRef = 5020AA5E24E759590080F292 /* Colours.h */; };
		5020AA6624E759590080F292 /* Colours.m in Sources */ = {isa = PBXBuildFile; fileRef = 5020AA6024E759590080F292 /* Colours.m */; };
		5020AA6924E759700080F292 /* Accelerate.framework in Frameworks */ = {isa = PBXBuildFile; fileRef = 5020AA6824E759700080F292 /* Accelerate.framework */; };
		5020AA6D24E759790080F292 /* CoreImage.framework in Frameworks */ = {isa = PBXBuildFile; fileRef = 5020AA6A24E759790080F292 /* CoreImage.framework */; };
		5020AA6E24E759790080F292 /* CoreMedia.framework in Frameworks */ = {isa = PBXBuildFile; fileRef = 5020AA6B24E759790080F292 /* CoreMedia.framework */; };
		5020AA6F24E759790080F292 /* CoreGraphics.framework in Frameworks */ = {isa = PBXBuildFile; fileRef = 5020AA6C24E759790080F292 /* CoreGraphics.framework */; };
		5020AA7124E7597F0080F292 /* ImageIO.framework in Frameworks */ = {isa = PBXBuildFile; fileRef = 5020AA7024E7597F0080F292 /* ImageIO.framework */; };
		5020AA7324E759860080F292 /* Photos.framework in Frameworks */ = {isa = PBXBuildFile; fileRef = 5020AA7224E759860080F292 /* Photos.framework */; };
		5020AA7524E7598D0080F292 /* CoreServices.framework in Frameworks */ = {isa = PBXBuildFile; fileRef = 5020AA7424E7598D0080F292 /* CoreServices.framework */; };
		5020AA7724E759910080F292 /* SystemConfiguration.framework in Frameworks */ = {isa = PBXBuildFile; fileRef = 5020AA7624E759910080F292 /* SystemConfiguration.framework */; };
		5020AA7924E759960080F292 /* SafariServices.framework in Frameworks */ = {isa = PBXBuildFile; fileRef = 5020AA7824E759960080F292 /* SafariServices.framework */; };
		5020AA7B24E7599B0080F292 /* Security.framework in Frameworks */ = {isa = PBXBuildFile; fileRef = 5020AA7A24E7599B0080F292 /* Security.framework */; };
		5020AA7D24E759A20080F292 /* QuartzCore.framework in Frameworks */ = {isa = PBXBuildFile; fileRef = 5020AA7C24E759A20080F292 /* QuartzCore.framework */; };
		505C0EBC2801ECAB0028D1C9 /* BHDownloadInlineButton.h in Headers */ = {isa = PBXBuildFile; fileRef = 505C0EBB2801ECAB0028D1C9 /* BHDownloadInlineButton.h */; };
		505C0EBE2801ED020028D1C9 /* BHDownloadInlineButton.m in Sources */ = {isa = PBXBuildFile; fileRef = 505C0EBD2801ED020028D1C9 /* BHDownloadInlineButton.m */; };
		5061F3C02806133400F3D5D3 /* CustomTabBarViewController.swift in Sources */ = {isa = PBXBuildFile; fileRef = 5061F3BF2806133400F3D5D3 /* CustomTabBarViewController.swift */; };
		50D73500252CBFC1007838C7 /* libz.tbd in Frameworks */ = {isa = PBXBuildFile; fileRef = 50D734FF252CBFBD007838C7 /* libz.tbd */; };
		50D73502252CBFC6007838C7 /* SceneKit.framework in Frameworks */ = {isa = PBXBuildFile; fileRef = 50D73501252CBFC6007838C7 /* SceneKit.framework */; };
		50D73504252CBFD0007838C7 /* libsqlite3.tbd in Frameworks */ = {isa = PBXBuildFile; fileRef = 50D73503252CBFCB007838C7 /* libsqlite3.tbd */; };
		50E7ABEF24F5A8F700A8619D /* WebKit.framework in Frameworks */ = {isa = PBXBuildFile; fileRef = 50E7ABEE24F5A8F600A8619D /* WebKit.framework */; };
		50EE4D4B286F7F70007DE117 /* BHColorThemeViewController.swift in Sources */ = {isa = PBXBuildFile; fileRef = 50EE4D4A286F7F70007DE117 /* BHColorThemeViewController.swift */; };
		50F7929028A0EA22000A2269 /* BHTBundle.m in Sources */ = {isa = PBXBuildFile; fileRef = 50F7928E28A0EA22000A2269 /* BHTBundle.m */; };
		50F7929128A0EA22000A2269 /* BHTBundle.h in Headers */ = {isa = PBXBuildFile; fileRef = 50F7928F28A0EA22000A2269 /* BHTBundle.h */; };
		50FAE060288545F600CDCEB2 /* SettingsViewController.h in Headers */ = {isa = PBXBuildFile; fileRef = 50FAE05E288545F600CDCEB2 /* SettingsViewController.h */; };
		50FAE061288545F600CDCEB2 /* SettingsViewController.m in Sources */ = {isa = PBXBuildFile; fileRef = 50FAE05F288545F600CDCEB2 /* SettingsViewController.m */; };
		91086148293001530011609E /* FLEX in Frameworks */ = {isa = PBXBuildFile; productRef = 91086147293001530011609E /* FLEX */; };
		9108614B293005750011609E /* JGProgressHUD in Frameworks */ = {isa = PBXBuildFile; productRef = 9108614A293005750011609E /* JGProgressHUD */; };
		916CFDE12971A4CF00325345 /* BHTwitter.m in Sources */ = {isa = PBXBuildFile; fileRef = 916CFDE02971A4CF00325345 /* BHTwitter.m */; };
		91F030DC2A292C0E00A0CC36 /* CepheiPrefs.framework in Frameworks */ = {isa = PBXBuildFile; fileRef = 91F030D92A292C0E00A0CC36 /* CepheiPrefs.framework */; };
		91F030DE2A292C0F00A0CC36 /* Cephei.framework in Frameworks */ = {isa = PBXBuildFile; fileRef = 91F030DA2A292C0E00A0CC36 /* Cephei.framework */; };
		91F030E02A292C0F00A0CC36 /* CepheiUI.framework in Frameworks */ = {isa = PBXBuildFile; fileRef = 91F030DB2A292C0E00A0CC36 /* CepheiUI.framework */; };
		91F030E42A292E8B00A0CC36 /* Preferences.framework in Frameworks */ = {isa = PBXBuildFile; fileRef = 91F030E32A292E8B00A0CC36 /* Preferences.framework */; };
/* End PBXBuildFile section */

/* Begin PBXFileReference section */
		500DA69826FF930A00C020B2 /* SAMKeychainQuery.h */ = {isa = PBXFileReference; fileEncoding = 4; lastKnownFileType = sourcecode.c.h; path = SAMKeychainQuery.h; sourceTree = "<group>"; };
		500DA69926FF930A00C020B2 /* SAMKeychainQuery.m */ = {isa = PBXFileReference; fileEncoding = 4; lastKnownFileType = sourcecode.c.objc; path = SAMKeychainQuery.m; sourceTree = "<group>"; };
		500DA69E26FF95B100C020B2 /* keychain.h */ = {isa = PBXFileReference; fileEncoding = 4; lastKnownFileType = sourcecode.c.h; path = keychain.h; sourceTree = "<group>"; };
		500DA69F26FF95B100C020B2 /* keychain.m */ = {isa = PBXFileReference; fileEncoding = 4; lastKnownFileType = sourcecode.c.objc; path = keychain.m; sourceTree = "<group>"; };
		500DA6A226FF9CFE00C020B2 /* SAMKeychain.m */ = {isa = PBXFileReference; fileEncoding = 4; lastKnownFileType = sourcecode.c.objc; path = SAMKeychain.m; sourceTree = "<group>"; };
		500DA6A326FF9CFE00C020B2 /* SAMKeychain.h */ = {isa = PBXFileReference; fileEncoding = 4; lastKnownFileType = sourcecode.c.h; path = SAMKeychain.h; sourceTree = "<group>"; };
		500DA6A626FF9D5000C020B2 /* AuthViewController.h */ = {isa = PBXFileReference; fileEncoding = 4; lastKnownFileType = sourcecode.c.h; path = AuthViewController.h; sourceTree = "<group>"; };
		500DA6A726FF9D5100C020B2 /* AuthViewController.m */ = {isa = PBXFileReference; fileEncoding = 4; lastKnownFileType = sourcecode.c.objc; path = AuthViewController.m; sourceTree = "<group>"; };
		50198010250E053900207745 /* BHDownload.h */ = {isa = PBXFileReference; fileEncoding = 4; lastKnownFileType = sourcecode.c.h; path = BHDownload.h; sourceTree = "<group>"; };
		50198011250E053900207745 /* BHDownload.m */ = {isa = PBXFileReference; fileEncoding = 4; lastKnownFileType = sourcecode.c.objc; path = BHDownload.m; sourceTree = "<group>"; };
		5020A87424E758E00080F292 /* BHTwitter.dylib */ = {isa = PBXFileReference; explicitFileType = "compiled.mach-o.dylib"; includeInIndex = 0; path = BHTwitter.dylib; sourceTree = BUILT_PRODUCTS_DIR; };
		5020A87724E758E00080F292 /* UIKit.framework */ = {isa = PBXFileReference; lastKnownFileType = wrapper.framework; name = UIKit.framework; path = System/Library/Frameworks/UIKit.framework; sourceTree = SDKROOT; };
		5020A87924E758E00080F292 /* Foundation.framework */ = {isa = PBXFileReference; lastKnownFileType = wrapper.framework; name = Foundation.framework; path = System/Library/Frameworks/Foundation.framework; sourceTree = SDKROOT; };
		5020A88024E758E00080F292 /* control */ = {isa = PBXFileReference; lastKnownFileType = text; path = control; sourceTree = "<group>"; };
		5020A88224E758E00080F292 /* BHTwitter-Prefix.pch */ = {isa = PBXFileReference; lastKnownFileType = sourcecode.c.h; name = "BHTwitter-Prefix.pch"; path = "../BHTwitter-Prefix.pch"; sourceTree = "<group>"; };
		5020A88324E758E00080F292 /* BHTwitter.x */ = {isa = PBXFileReference; explicitFileType = sourcecode.c.objc; path = BHTwitter.x; sourceTree = "<group>"; };
		5020A88924E758E00080F292 /* BHTwitter.plist */ = {isa = PBXFileReference; lastKnownFileType = text.plist.xml; path = BHTwitter.plist; sourceTree = "<group>"; };
		5020A8D524E759190080F292 /* TWHeaders.h */ = {isa = PBXFileReference; fileEncoding = 4; lastKnownFileType = sourcecode.c.h; path = TWHeaders.h; sourceTree = "<group>"; };
		5020A8D624E759190080F292 /* BHTManager.h */ = {isa = PBXFileReference; fileEncoding = 4; lastKnownFileType = sourcecode.c.h; path = BHTManager.h; sourceTree = "<group>"; };
		5020A8D724E759190080F292 /* BHTManager.m */ = {isa = PBXFileReference; fileEncoding = 4; lastKnownFileType = sourcecode.c.objc; path = BHTManager.m; sourceTree = "<group>"; };
		5020AA5E24E759590080F292 /* Colours.h */ = {isa = PBXFileReference; fileEncoding = 4; lastKnownFileType = sourcecode.c.h; path = Colours.h; sourceTree = "<group>"; };
		5020AA6024E759590080F292 /* Colours.m */ = {isa = PBXFileReference; fileEncoding = 4; lastKnownFileType = sourcecode.c.objc; path = Colours.m; sourceTree = "<group>"; };
		5020AA6824E759700080F292 /* Accelerate.framework */ = {isa = PBXFileReference; lastKnownFileType = wrapper.framework; name = Accelerate.framework; path = System/Library/Frameworks/Accelerate.framework; sourceTree = SDKROOT; };
		5020AA6A24E759790080F292 /* CoreImage.framework */ = {isa = PBXFileReference; lastKnownFileType = wrapper.framework; name = CoreImage.framework; path = System/Library/Frameworks/CoreImage.framework; sourceTree = SDKROOT; };
		5020AA6B24E759790080F292 /* CoreMedia.framework */ = {isa = PBXFileReference; lastKnownFileType = wrapper.framework; name = CoreMedia.framework; path = System/Library/Frameworks/CoreMedia.framework; sourceTree = SDKROOT; };
		5020AA6C24E759790080F292 /* CoreGraphics.framework */ = {isa = PBXFileReference; lastKnownFileType = wrapper.framework; name = CoreGraphics.framework; path = System/Library/Frameworks/CoreGraphics.framework; sourceTree = SDKROOT; };
		5020AA7024E7597F0080F292 /* ImageIO.framework */ = {isa = PBXFileReference; lastKnownFileType = wrapper.framework; name = ImageIO.framework; path = System/Library/Frameworks/ImageIO.framework; sourceTree = SDKROOT; };
		5020AA7224E759860080F292 /* Photos.framework */ = {isa = PBXFileReference; lastKnownFileType = wrapper.framework; name = Photos.framework; path = System/Library/Frameworks/Photos.framework; sourceTree = SDKROOT; };
		5020AA7424E7598D0080F292 /* CoreServices.framework */ = {isa = PBXFileReference; lastKnownFileType = wrapper.framework; name = CoreServices.framework; path = System/Library/Frameworks/CoreServices.framework; sourceTree = SDKROOT; };
		5020AA7624E759910080F292 /* SystemConfiguration.framework */ = {isa = PBXFileReference; lastKnownFileType = wrapper.framework; name = SystemConfiguration.framework; path = System/Library/Frameworks/SystemConfiguration.framework; sourceTree = SDKROOT; };
		5020AA7824E759960080F292 /* SafariServices.framework */ = {isa = PBXFileReference; lastKnownFileType = wrapper.framework; name = SafariServices.framework; path = System/Library/Frameworks/SafariServices.framework; sourceTree = SDKROOT; };
		5020AA7A24E7599B0080F292 /* Security.framework */ = {isa = PBXFileReference; lastKnownFileType = wrapper.framework; name = Security.framework; path = System/Library/Frameworks/Security.framework; sourceTree = SDKROOT; };
		5020AA7C24E759A20080F292 /* QuartzCore.framework */ = {isa = PBXFileReference; lastKnownFileType = wrapper.framework; name = QuartzCore.framework; path = System/Library/Frameworks/QuartzCore.framework; sourceTree = SDKROOT; };
		505C0EBB2801ECAB0028D1C9 /* BHDownloadInlineButton.h */ = {isa = PBXFileReference; fileEncoding = 4; lastKnownFileType = sourcecode.c.h; path = BHDownloadInlineButton.h; sourceTree = "<group>"; };
		505C0EBD2801ED020028D1C9 /* BHDownloadInlineButton.m */ = {isa = PBXFileReference; lastKnownFileType = sourcecode.c.objc; path = BHDownloadInlineButton.m; sourceTree = "<group>"; };
		505C0ED028038B810028D1C9 /* BHTwitter-Bridging-Header.h */ = {isa = PBXFileReference; lastKnownFileType = sourcecode.c.h; path = "BHTwitter-Bridging-Header.h"; sourceTree = "<group>"; };
		5061F3BF2806133400F3D5D3 /* CustomTabBarViewController.swift */ = {isa = PBXFileReference; fileEncoding = 4; lastKnownFileType = sourcecode.swift; path = CustomTabBarViewController.swift; sourceTree = "<group>"; };
		50D734FF252CBFBD007838C7 /* libz.tbd */ = {isa = PBXFileReference; lastKnownFileType = "sourcecode.text-based-dylib-definition"; name = libz.tbd; path = usr/lib/libz.tbd; sourceTree = SDKROOT; };
		50D73501252CBFC6007838C7 /* SceneKit.framework */ = {isa = PBXFileReference; lastKnownFileType = wrapper.framework; name = SceneKit.framework; path = System/Library/Frameworks/SceneKit.framework; sourceTree = SDKROOT; };
		50D73503252CBFCB007838C7 /* libsqlite3.tbd */ = {isa = PBXFileReference; lastKnownFileType = "sourcecode.text-based-dylib-definition"; name = libsqlite3.tbd; path = usr/lib/libsqlite3.tbd; sourceTree = SDKROOT; };
		50E7ABEE24F5A8F600A8619D /* WebKit.framework */ = {isa = PBXFileReference; lastKnownFileType = wrapper.framework; name = WebKit.framework; path = System/Library/Frameworks/WebKit.framework; sourceTree = SDKROOT; };
		50EE4D4A286F7F70007DE117 /* BHColorThemeViewController.swift */ = {isa = PBXFileReference; fileEncoding = 4; lastKnownFileType = sourcecode.swift; path = BHColorThemeViewController.swift; sourceTree = "<group>"; };
		50F7928E28A0EA22000A2269 /* BHTBundle.m */ = {isa = PBXFileReference; fileEncoding = 4; lastKnownFileType = sourcecode.c.objc; path = BHTBundle.m; sourceTree = "<group>"; };
		50F7928F28A0EA22000A2269 /* BHTBundle.h */ = {isa = PBXFileReference; fileEncoding = 4; lastKnownFileType = sourcecode.c.h; path = BHTBundle.h; sourceTree = "<group>"; };
		50FAE05E288545F600CDCEB2 /* SettingsViewController.h */ = {isa = PBXFileReference; fileEncoding = 4; lastKnownFileType = sourcecode.c.h; path = SettingsViewController.h; sourceTree = "<group>"; };
		50FAE05F288545F600CDCEB2 /* SettingsViewController.m */ = {isa = PBXFileReference; fileEncoding = 4; lastKnownFileType = sourcecode.c.objc; path = SettingsViewController.m; sourceTree = "<group>"; };
		916CFDE02971A4CF00325345 /* BHTwitter.m */ = {isa = PBXFileReference; fileEncoding = 4; lastKnownFileType = sourcecode.c.objc; path = BHTwitter.m; sourceTree = "<group>"; };
		91F030D92A292C0E00A0CC36 /* CepheiPrefs.framework */ = {isa = PBXFileReference; lastKnownFileType = wrapper.framework; name = CepheiPrefs.framework; path = ../../../theos/vendor/lib/CepheiPrefs.framework; sourceTree = "<group>"; };
		91F030DA2A292C0E00A0CC36 /* Cephei.framework */ = {isa = PBXFileReference; lastKnownFileType = wrapper.framework; name = Cephei.framework; path = ../../../theos/vendor/lib/Cephei.framework; sourceTree = "<group>"; };
		91F030DB2A292C0E00A0CC36 /* CepheiUI.framework */ = {isa = PBXFileReference; lastKnownFileType = wrapper.framework; name = CepheiUI.framework; path = ../../../theos/vendor/lib/CepheiUI.framework; sourceTree = "<group>"; };
		91F030E32A292E8B00A0CC36 /* Preferences.framework */ = {isa = PBXFileReference; lastKnownFileType = wrapper.framework; name = Preferences.framework; path = ../../../theos/sdks/iPhoneOS16.4.sdk/System/Library/PrivateFrameworks/Preferences.framework; sourceTree = "<group>"; };
/* End PBXFileReference section */

/* Begin PBXFrameworksBuildPhase section */
		5020A87024E758E00080F292 /* Frameworks */ = {
			isa = PBXFrameworksBuildPhase;
			buildActionMask = 2147483647;
			files = (
				50E7ABEF24F5A8F700A8619D /* WebKit.framework in Frameworks */,
				5020AA6F24E759790080F292 /* CoreGraphics.framework in Frameworks */,
				5020AA7D24E759A20080F292 /* QuartzCore.framework in Frameworks */,
				91086148293001530011609E /* FLEX in Frameworks */,
				5020AA7324E759860080F292 /* Photos.framework in Frameworks */,
				50D73502252CBFC6007838C7 /* SceneKit.framework in Frameworks */,
				50D73500252CBFC1007838C7 /* libz.tbd in Frameworks */,
				91F030DE2A292C0F00A0CC36 /* Cephei.framework in Frameworks */,
				5020AA6924E759700080F292 /* Accelerate.framework in Frameworks */,
				9108614B293005750011609E /* JGProgressHUD in Frameworks */,
				5020AA7124E7597F0080F292 /* ImageIO.framework in Frameworks */,
				5020AA7524E7598D0080F292 /* CoreServices.framework in Frameworks */,
				5020A87824E758E00080F292 /* UIKit.framework in Frameworks */,
				5020AA7724E759910080F292 /* SystemConfiguration.framework in Frameworks */,
				91F030E42A292E8B00A0CC36 /* Preferences.framework in Frameworks */,
				5020A87A24E758E00080F292 /* Foundation.framework in Frameworks */,
				5020AA6D24E759790080F292 /* CoreImage.framework in Frameworks */,
				91F030DC2A292C0E00A0CC36 /* CepheiPrefs.framework in Frameworks */,
				5020AA6E24E759790080F292 /* CoreMedia.framework in Frameworks */,
				50D73504252CBFD0007838C7 /* libsqlite3.tbd in Frameworks */,
				5020AA7B24E7599B0080F292 /* Security.framework in Frameworks */,
				91F030E02A292C0F00A0CC36 /* CepheiUI.framework in Frameworks */,
				5020AA7924E759960080F292 /* SafariServices.framework in Frameworks */,
			);
			runOnlyForDeploymentPostprocessing = 0;
		};
/* End PBXFrameworksBuildPhase section */

/* Begin PBXGroup section */
		500DA69526FF92F500C020B2 /* SAMKeychain */ = {
			isa = PBXGroup;
			children = (
				500DA6A626FF9D5000C020B2 /* AuthViewController.h */,
				500DA6A726FF9D5100C020B2 /* AuthViewController.m */,
				500DA69E26FF95B100C020B2 /* keychain.h */,
				500DA69F26FF95B100C020B2 /* keychain.m */,
				500DA6A326FF9CFE00C020B2 /* SAMKeychain.h */,
				500DA6A226FF9CFE00C020B2 /* SAMKeychain.m */,
				500DA69826FF930A00C020B2 /* SAMKeychainQuery.h */,
				500DA69926FF930A00C020B2 /* SAMKeychainQuery.m */,
			);
			path = SAMKeychain;
			sourceTree = "<group>";
		};
		5020A86924E758E00080F292 = {
			isa = PBXGroup;
			children = (
				5020A87D24E758E00080F292 /* BHTwitter */,
				5020A87624E758E00080F292 /* Frameworks */,
				5020A87524E758E00080F292 /* Products */,
			);
			sourceTree = "<group>";
		};
		5020A87524E758E00080F292 /* Products */ = {
			isa = PBXGroup;
			children = (
				5020A87424E758E00080F292 /* BHTwitter.dylib */,
			);
			name = Products;
			sourceTree = "<group>";
		};
		5020A87624E758E00080F292 /* Frameworks */ = {
			isa = PBXGroup;
			children = (
				91F030E32A292E8B00A0CC36 /* Preferences.framework */,
				91F030DA2A292C0E00A0CC36 /* Cephei.framework */,
				91F030D92A292C0E00A0CC36 /* CepheiPrefs.framework */,
				91F030DB2A292C0E00A0CC36 /* CepheiUI.framework */,
				50D73503252CBFCB007838C7 /* libsqlite3.tbd */,
				50D73501252CBFC6007838C7 /* SceneKit.framework */,
				50D734FF252CBFBD007838C7 /* libz.tbd */,
				50E7ABEE24F5A8F600A8619D /* WebKit.framework */,
				5020AA7C24E759A20080F292 /* QuartzCore.framework */,
				5020AA7A24E7599B0080F292 /* Security.framework */,
				5020AA7824E759960080F292 /* SafariServices.framework */,
				5020AA7624E759910080F292 /* SystemConfiguration.framework */,
				5020AA7424E7598D0080F292 /* CoreServices.framework */,
				5020AA7224E759860080F292 /* Photos.framework */,
				5020AA7024E7597F0080F292 /* ImageIO.framework */,
				5020AA6C24E759790080F292 /* CoreGraphics.framework */,
				5020AA6A24E759790080F292 /* CoreImage.framework */,
				5020AA6B24E759790080F292 /* CoreMedia.framework */,
				5020AA6824E759700080F292 /* Accelerate.framework */,
				5020A87724E758E00080F292 /* UIKit.framework */,
				5020A87924E758E00080F292 /* Foundation.framework */,
			);
			name = Frameworks;
			sourceTree = "<group>";
		};
		5020A87D24E758E00080F292 /* BHTwitter */ = {
			isa = PBXGroup;
			children = (
				5020A88324E758E00080F292 /* BHTwitter.x */,
				916CFDE02971A4CF00325345 /* BHTwitter.m */,
				5020A8D524E759190080F292 /* TWHeaders.h */,
				50198010250E053900207745 /* BHDownload.h */,
				50198011250E053900207745 /* BHDownload.m */,
				5020A8D624E759190080F292 /* BHTManager.h */,
				5020A8D724E759190080F292 /* BHTManager.m */,
				50F7928F28A0EA22000A2269 /* BHTBundle.h */,
				50F7928E28A0EA22000A2269 /* BHTBundle.m */,
				5020AA5E24E759590080F292 /* Colours.h */,
				5020AA6024E759590080F292 /* Colours.m */,
				505C0EBB2801ECAB0028D1C9 /* BHDownloadInlineButton.h */,
				505C0EBD2801ED020028D1C9 /* BHDownloadInlineButton.m */,
				50FAE05E288545F600CDCEB2 /* SettingsViewController.h */,
				50FAE05F288545F600CDCEB2 /* SettingsViewController.m */,
				50EE4D49286F7F56007DE117 /* ThemeColor */,
				5061F3BE2806132400F3D5D3 /* CustomTabBar */,
				500DA69526FF92F500C020B2 /* SAMKeychain */,
				5020A87E24E758E00080F292 /* Package */,
				5020A88124E758E00080F292 /* Supporting Files */,
				505C0ED028038B810028D1C9 /* BHTwitter-Bridging-Header.h */,
			);
			path = BHTwitter;
			sourceTree = "<group>";
		};
		5020A87E24E758E00080F292 /* Package */ = {
			isa = PBXGroup;
			children = (
				5020A87F24E758E00080F292 /* DEBIAN */,
				5020A88624E758E00080F292 /* Library */,
			);
			path = Package;
			sourceTree = "<group>";
		};
		5020A87F24E758E00080F292 /* DEBIAN */ = {
			isa = PBXGroup;
			children = (
				5020A88024E758E00080F292 /* control */,
			);
			path = DEBIAN;
			sourceTree = "<group>";
		};
		5020A88124E758E00080F292 /* Supporting Files */ = {
			isa = PBXGroup;
			children = (
				5020A88224E758E00080F292 /* BHTwitter-Prefix.pch */,
			);
			path = "Supporting Files";
			sourceTree = "<group>";
		};
		5020A88624E758E00080F292 /* Library */ = {
			isa = PBXGroup;
			children = (
				5020A88724E758E00080F292 /* MobileSubstrate */,
			);
			path = Library;
			sourceTree = "<group>";
		};
		5020A88724E758E00080F292 /* MobileSubstrate */ = {
			isa = PBXGroup;
			children = (
				5020A88824E758E00080F292 /* DynamicLibraries */,
			);
			path = MobileSubstrate;
			sourceTree = "<group>";
		};
		5020A88824E758E00080F292 /* DynamicLibraries */ = {
			isa = PBXGroup;
			children = (
				5020A88924E758E00080F292 /* BHTwitter.plist */,
			);
			path = DynamicLibraries;
			sourceTree = "<group>";
		};
		5061F3BE2806132400F3D5D3 /* CustomTabBar */ = {
			isa = PBXGroup;
			children = (
				5061F3BF2806133400F3D5D3 /* CustomTabBarViewController.swift */,
			);
			path = CustomTabBar;
			sourceTree = "<group>";
		};
		50EE4D49286F7F56007DE117 /* ThemeColor */ = {
			isa = PBXGroup;
			children = (
				50EE4D4A286F7F70007DE117 /* BHColorThemeViewController.swift */,
			);
			path = ThemeColor;
			sourceTree = "<group>";
		};
/* End PBXGroup section */

/* Begin PBXHeadersBuildPhase section */
		5020A87124E758E00080F292 /* Headers */ = {
			isa = PBXHeadersBuildPhase;
			buildActionMask = 2147483647;
			files = (
				50FAE060288545F600CDCEB2 /* SettingsViewController.h in Headers */,
				505C0EBC2801ECAB0028D1C9 /* BHDownloadInlineButton.h in Headers */,
				500DA6A826FF9D5100C020B2 /* AuthViewController.h in Headers */,
				5020A8D824E759190080F292 /* TWHeaders.h in Headers */,
				50F7929128A0EA22000A2269 /* BHTBundle.h in Headers */,
				5020AA6424E759590080F292 /* Colours.h in Headers */,
				50198012250E053900207745 /* BHDownload.h in Headers */,
				500DA6A526FF9CFE00C020B2 /* SAMKeychain.h in Headers */,
				5020A8D924E759190080F292 /* BHTManager.h in Headers */,
				500DA69C26FF930A00C020B2 /* SAMKeychainQuery.h in Headers */,
				500DA6A026FF95B100C020B2 /* keychain.h in Headers */,
			);
			runOnlyForDeploymentPostprocessing = 0;
		};
/* End PBXHeadersBuildPhase section */

/* Begin PBXNativeTarget section */
		5020A87324E758E00080F292 /* BHTwitter */ = {
			isa = PBXNativeTarget;
			buildConfigurationList = 5020A88C24E758E00080F292 /* Build configuration list for PBXNativeTarget "BHTwitter" */;
			buildPhases = (
				5020A86E24E758E00080F292 /* ShellScript */,
				5020A86F24E758E00080F292 /* Sources */,
				5020A87024E758E00080F292 /* Frameworks */,
				5020A87124E758E00080F292 /* Headers */,
				5020A87224E758E00080F292 /* ShellScript */,
			);
			buildRules = (
			);
			dependencies = (
			);
			name = BHTwitter;
			packageProductDependencies = (
				91086147293001530011609E /* FLEX */,
				9108614A293005750011609E /* JGProgressHUD */,
			);
			productName = BHTwitter;
			productReference = 5020A87424E758E00080F292 /* BHTwitter.dylib */;
			productType = "com.apple.product-type.library.dynamic";
		};
/* End PBXNativeTarget section */

/* Begin PBXProject section */
		5020A86A24E758E00080F292 /* Project object */ = {
			isa = PBXProject;
			attributes = {
				LastUpgradeCheck = 1330;
				TargetAttributes = {
					5020A87324E758E00080F292 = {
						CreatedOnToolsVersion = 11.6;
						LastSwiftMigration = 1330;
					};
				};
			};
			buildConfigurationList = 5020A86D24E758E00080F292 /* Build configuration list for PBXProject "BHTwitter" */;
			compatibilityVersion = "Xcode 9.3";
			developmentRegion = en;
			hasScannedForEncodings = 0;
			knownRegions = (
				en,
				Base,
			);
			mainGroup = 5020A86924E758E00080F292;
			packageReferences = (
				91086146293001530011609E /* XCRemoteSwiftPackageReference "FLEX" */,
				91086149293005750011609E /* XCRemoteSwiftPackageReference "JGProgressHUD" */,
			);
			productRefGroup = 5020A87524E758E00080F292 /* Products */;
			projectDirPath = "";
			projectRoot = "";
			targets = (
				5020A87324E758E00080F292 /* BHTwitter */,
			);
		};
/* End PBXProject section */

/* Begin PBXShellScriptBuildPhase section */
		5020A86E24E758E00080F292 /* ShellScript */ = {
			isa = PBXShellScriptBuildPhase;
			buildActionMask = 2147483647;
			files = (
			);
			inputFileListPaths = (
			);
			inputPaths = (
			);
			outputFileListPaths = (
			);
			outputPaths = (
			);
			runOnlyForDeploymentPostprocessing = 0;
			shellPath = /bin/sh;
			shellScript = "/opt/MonkeyDev/bin/md --xcbp-logos\n";
		};
		5020A87224E758E00080F292 /* ShellScript */ = {
			isa = PBXShellScriptBuildPhase;
			buildActionMask = 2147483647;
			files = (
			);
			inputFileListPaths = (
			);
			inputPaths = (
			);
			outputFileListPaths = (
			);
			outputPaths = (
			);
			runOnlyForDeploymentPostprocessing = 0;
			shellPath = /bin/sh;
			shellScript = "/opt/MonkeyDev/bin/md --xcbp\n";
		};
/* End PBXShellScriptBuildPhase section */

/* Begin PBXSourcesBuildPhase section */
		5020A86F24E758E00080F292 /* Sources */ = {
			isa = PBXSourcesBuildPhase;
			buildActionMask = 2147483647;
			files = (
				5020A8DA24E759190080F292 /* BHTManager.m in Sources */,
				5020AA6624E759590080F292 /* Colours.m in Sources */,
				505C0EBE2801ED020028D1C9 /* BHDownloadInlineButton.m in Sources */,
				50FAE061288545F600CDCEB2 /* SettingsViewController.m in Sources */,
				500DA69D26FF930A00C020B2 /* SAMKeychainQuery.m in Sources */,
				50198013250E053900207745 /* BHDownload.m in Sources */,
				500DA6A426FF9CFE00C020B2 /* SAMKeychain.m in Sources */,
				500DA6A926FF9D5100C020B2 /* AuthViewController.m in Sources */,
				5061F3C02806133400F3D5D3 /* CustomTabBarViewController.swift in Sources */,
				50EE4D4B286F7F70007DE117 /* BHColorThemeViewController.swift in Sources */,
				50F7929028A0EA22000A2269 /* BHTBundle.m in Sources */,
				500DA6A126FF95B100C020B2 /* keychain.m in Sources */,
				916CFDE12971A4CF00325345 /* BHTwitter.m in Sources */,
			);
			runOnlyForDeploymentPostprocessing = 0;
		};
/* End PBXSourcesBuildPhase section */

/* Begin XCBuildConfiguration section */
		5020A88A24E758E00080F292 /* Release */ = {
			isa = XCBuildConfiguration;
			buildSettings = {
				CLANG_WARN_BLOCK_CAPTURE_AUTORELEASING = YES;
				CLANG_WARN_BOOL_CONVERSION = YES;
				CLANG_WARN_COMMA = YES;
				CLANG_WARN_CONSTANT_CONVERSION = YES;
				CLANG_WARN_DEPRECATED_OBJC_IMPLEMENTATIONS = YES;
				CLANG_WARN_EMPTY_BODY = YES;
				CLANG_WARN_ENUM_CONVERSION = YES;
				CLANG_WARN_INFINITE_RECURSION = YES;
				CLANG_WARN_INT_CONVERSION = YES;
				CLANG_WARN_NON_LITERAL_NULL_CONVERSION = YES;
				CLANG_WARN_OBJC_IMPLICIT_RETAIN_SELF = YES;
				CLANG_WARN_OBJC_LITERAL_CONVERSION = YES;
				CLANG_WARN_QUOTED_INCLUDE_IN_FRAMEWORK_HEADER = YES;
				CLANG_WARN_RANGE_LOOP_ANALYSIS = YES;
				CLANG_WARN_STRICT_PROTOTYPES = YES;
				CLANG_WARN_SUSPICIOUS_MOVE = YES;
				CLANG_WARN_UNREACHABLE_CODE = YES;
				CLANG_WARN__DUPLICATE_METHOD_MATCH = YES;
				COPY_PHASE_STRIP = YES;
				ENABLE_STRICT_OBJC_MSGSEND = YES;
				EXCLUDED_RECURSIVE_SEARCH_PATH_SUBDIRECTORIES = "*.nib *.lproj *.gch (*) .DS_Store CVS .svn .git .hg *.xcodeproj *.xcode *.pbproj *.pbxproj";
				FRAMEWORK_SEARCH_PATHS = (
					"$(MonkeyDevPath)/frameworks/**",
					"$(MonkeyDevTheosPath)/vendor/lib",
				);
				GCC_C_LANGUAGE_STANDARD = gnu99;
				GCC_NO_COMMON_BLOCKS = YES;
				GCC_WARN_64_TO_32_BIT_CONVERSION = YES;
				GCC_WARN_ABOUT_MISSING_PROTOTYPES = YES;
				GCC_WARN_ABOUT_RETURN_TYPE = YES;
				GCC_WARN_UNDECLARED_SELECTOR = YES;
				GCC_WARN_UNINITIALIZED_AUTOS = YES;
				GCC_WARN_UNUSED_FUNCTION = YES;
				GCC_WARN_UNUSED_VARIABLE = YES;
				HEADER_SEARCH_PATHS = "$(MonkeyDevTheosPath)/vendor/include/**";
				IPHONEOS_DEPLOYMENT_TARGET = 13.0;
				LIBRARY_SEARCH_PATHS = "$(MonkeyDevTheosPath)/vendor/lib/**";
				MonkeyDevPath = /opt/MonkeyDev;
				MonkeyDevTheosPath = /opt/theos;
				OTHER_CFLAGS = "-DTHEOS_INSTANCE_NAME=\"\\\"BHTwitter\\\"\"";
				SDKROOT = iphoneos;
				SWIFT_COMPILATION_MODE = wholemodule;
				TARGETED_DEVICE_FAMILY = "1,2";
				VALIDATE_PRODUCT = YES;
			};
			name = Release;
		};
		5020A88B24E758E00080F292 /* Debug */ = {
			isa = XCBuildConfiguration;
			buildSettings = {
				CLANG_WARN_BLOCK_CAPTURE_AUTORELEASING = YES;
				CLANG_WARN_BOOL_CONVERSION = YES;
				CLANG_WARN_COMMA = YES;
				CLANG_WARN_CONSTANT_CONVERSION = YES;
				CLANG_WARN_DEPRECATED_OBJC_IMPLEMENTATIONS = YES;
				CLANG_WARN_EMPTY_BODY = YES;
				CLANG_WARN_ENUM_CONVERSION = YES;
				CLANG_WARN_INFINITE_RECURSION = YES;
				CLANG_WARN_INT_CONVERSION = YES;
				CLANG_WARN_NON_LITERAL_NULL_CONVERSION = YES;
				CLANG_WARN_OBJC_IMPLICIT_RETAIN_SELF = YES;
				CLANG_WARN_OBJC_LITERAL_CONVERSION = YES;
				CLANG_WARN_QUOTED_INCLUDE_IN_FRAMEWORK_HEADER = YES;
				CLANG_WARN_RANGE_LOOP_ANALYSIS = YES;
				CLANG_WARN_STRICT_PROTOTYPES = YES;
				CLANG_WARN_SUSPICIOUS_MOVE = YES;
				CLANG_WARN_UNREACHABLE_CODE = YES;
				CLANG_WARN__DUPLICATE_METHOD_MATCH = YES;
				COPY_PHASE_STRIP = NO;
				ENABLE_STRICT_OBJC_MSGSEND = YES;
				ENABLE_TESTABILITY = YES;
				EXCLUDED_RECURSIVE_SEARCH_PATH_SUBDIRECTORIES = "*.nib *.lproj *.gch (*) .DS_Store CVS .svn .git .hg *.xcodeproj *.xcode *.pbproj *.pbxproj";
				FRAMEWORK_SEARCH_PATHS = (
					"$(MonkeyDevPath)/frameworks/**",
					"$(MonkeyDevTheosPath)/vendor/lib",
				);
				GCC_C_LANGUAGE_STANDARD = gnu99;
				GCC_DYNAMIC_NO_PIC = NO;
				GCC_NO_COMMON_BLOCKS = YES;
				GCC_OPTIMIZATION_LEVEL = 0;
				GCC_PREPROCESSOR_DEFINITIONS = (
					"DEBUG=1",
					"$(inherited)",
				);
				GCC_SYMBOLS_PRIVATE_EXTERN = NO;
				GCC_WARN_64_TO_32_BIT_CONVERSION = YES;
				GCC_WARN_ABOUT_MISSING_PROTOTYPES = YES;
				GCC_WARN_ABOUT_RETURN_TYPE = YES;
				GCC_WARN_UNDECLARED_SELECTOR = YES;
				GCC_WARN_UNINITIALIZED_AUTOS = YES;
				GCC_WARN_UNUSED_FUNCTION = YES;
				GCC_WARN_UNUSED_VARIABLE = YES;
				HEADER_SEARCH_PATHS = "$(MonkeyDevTheosPath)/vendor/include/**";
				IPHONEOS_DEPLOYMENT_TARGET = 13.0;
				LIBRARY_SEARCH_PATHS = "$(MonkeyDevTheosPath)/vendor/lib/**";
				MonkeyDevPath = /opt/MonkeyDev;
				MonkeyDevTheosPath = /opt/theos;
				ONLY_ACTIVE_ARCH = YES;
				OTHER_CFLAGS = "-DTHEOS_INSTANCE_NAME=\"\\\"BHTwitter\\\"\"";
				SDKROOT = iphoneos;
				TARGETED_DEVICE_FAMILY = "1,2";
				VALIDATE_PRODUCT = NO;
			};
			name = Debug;
		};
		5020A88D24E758E00080F292 /* Release */ = {
			isa = XCBuildConfiguration;
			buildSettings = {
				ARCHS = "$(ARCHS_STANDARD)";
				CLANG_CXX_LANGUAGE_STANDARD = "gnu++17";
				CLANG_ENABLE_MODULES = YES;
				CLANG_ENABLE_OBJC_ARC = YES;
				CODE_SIGN_ENTITLEMENTS = "";
				CODE_SIGN_IDENTITY = "iPhone Developer";
				CODE_SIGN_STYLE = Automatic;
				DEVELOPMENT_TEAM = 5549UW99P6;
				DYLIB_COMPATIBILITY_VERSION = 1;
				DYLIB_CURRENT_VERSION = 1;
				FRAMEWORK_SEARCH_PATHS = (
					"$(inherited)",
					/Users/bandaralruwaili/theos/lib,
					/Users/bandaralruwaili/theos/vendor/lib,
					/Users/bandaralruwaili/theos/sdks/iPhoneOS16.4.sdk/System/Library/PrivateFrameworks,
				);
				GCC_PRECOMPILE_PREFIX_HEADER = YES;
				GCC_PREFIX_HEADER = "BHTwitter/BHTwitter-Prefix.pch";
				GCC_TREAT_INCOMPATIBLE_POINTER_TYPE_WARNINGS_AS_ERRORS = NO;
				INFOPLIST_FILE = "";
				INSTALL_PATH = /Library/MobileSubstrate/DynamicLibraries;
				IPHONEOS_DEPLOYMENT_TARGET = 14.0;
				LD_RUNPATH_SEARCH_PATHS = (
					"$(inherited)",
					"@executable_path/Frameworks",
					"@loader_path/Frameworks",
				);
				LIBRARY_SEARCH_PATHS = (
					"$(inherited)",
					/opt/MonkeyDev/MFrameworks,
					/opt/MonkeyDev/Frameworks,
					/opt,
				);
				MonkeyDevBuildPackageOnAnyBuild = NO;
				MonkeyDevClearUiCacheOnInstall = NO;
				MonkeyDevCopyOnBuild = NO;
				MonkeyDevDeviceIP = "";
				MonkeyDevDevicePassword = "";
				MonkeyDevDevicePort = "";
				MonkeyDevInstallOnAnyBuild = YES;
				MonkeyDevInstallOnProfiling = YES;
				MonkeyDevTheosPath = /Users/bandaralruwaili/theos;
				MonkeyDevkillProcessOnInstall = "Twitter || true";
				OTHER_LDFLAGS = "";
				PRODUCT_NAME = "$(TARGET_NAME)";
				SUPPORTS_MACCATALYST = NO;
				SWIFT_OBJC_BRIDGING_HEADER = "BHTwitter/BHTwitter-Bridging-Header.h";
				SWIFT_VERSION = 5.0;
				TARGETED_DEVICE_FAMILY = "1,2";
				WARNING_CFLAGS = (
					"-Wno-deprecated-declarations",
					"-Wno-strict-prototypes",
					"-Wno-unsupported-availability-guard",
					"-Wno-unused-function",
					"-Wno-undeclared-selector",
					"-Wno-objc-designated-initializers",
					"-Wno-nullability-completeness",
					"-Wno-error",
				);
			};
			name = Release;
		};
		5020A88E24E758E00080F292 /* Debug */ = {
			isa = XCBuildConfiguration;
			buildSettings = {
				ARCHS = "$(ARCHS_STANDARD)";
				CLANG_CXX_LANGUAGE_STANDARD = "gnu++17";
				CLANG_ENABLE_MODULES = YES;
				CLANG_ENABLE_OBJC_ARC = YES;
				CODE_SIGN_ENTITLEMENTS = "";
				CODE_SIGN_IDENTITY = "iPhone Developer";
				CODE_SIGN_STYLE = Automatic;
				DEVELOPMENT_TEAM = 5549UW99P6;
				DYLIB_COMPATIBILITY_VERSION = 1;
				DYLIB_CURRENT_VERSION = 1;
				FRAMEWORK_SEARCH_PATHS = (
					"$(inherited)",
					/Users/bandaralruwaili/theos/lib,
					/Users/bandaralruwaili/theos/vendor/lib,
					/Users/bandaralruwaili/theos/sdks/iPhoneOS16.4.sdk/System/Library/PrivateFrameworks,
				);
				GCC_PRECOMPILE_PREFIX_HEADER = YES;
				GCC_PREFIX_HEADER = "BHTwitter/BHTwitter-Prefix.pch";
				GCC_TREAT_INCOMPATIBLE_POINTER_TYPE_WARNINGS_AS_ERRORS = NO;
				INFOPLIST_FILE = "";
				INSTALL_PATH = /Library/MobileSubstrate/DynamicLibraries;
				IPHONEOS_DEPLOYMENT_TARGET = 14.0;
				LD_RUNPATH_SEARCH_PATHS = (
					"$(inherited)",
					"@executable_path/Frameworks",
					"@loader_path/Frameworks",
				);
				LIBRARY_SEARCH_PATHS = (
					"$(inherited)",
					/opt/MonkeyDev/MFrameworks,
					/opt/MonkeyDev/Frameworks,
					/opt,
				);
				MonkeyDevBuildPackageOnAnyBuild = NO;
				MonkeyDevClearUiCacheOnInstall = NO;
				MonkeyDevCopyOnBuild = NO;
				MonkeyDevDeviceIP = "";
				MonkeyDevDevicePassword = "";
				MonkeyDevDevicePort = "";
				MonkeyDevInstallOnAnyBuild = YES;
				MonkeyDevInstallOnProfiling = YES;
				MonkeyDevTheosPath = /Users/bandaralruwaili/theos;
				MonkeyDevkillProcessOnInstall = "Twitter || true";
				OTHER_LDFLAGS = "";
				PRODUCT_NAME = "$(TARGET_NAME)";
				SUPPORTS_MACCATALYST = NO;
				SWIFT_OBJC_BRIDGING_HEADER = "BHTwitter/BHTwitter-Bridging-Header.h";
				SWIFT_OPTIMIZATION_LEVEL = "-Onone";
				SWIFT_VERSION = 5.0;
				TARGETED_DEVICE_FAMILY = "1,2";
				WARNING_CFLAGS = (
					"-Wno-deprecated-declarations",
					"-Wno-strict-prototypes",
					"-Wno-unsupported-availability-guard",
					"-Wno-unused-function",
					"-Wno-undeclared-selector",
					"-Wno-objc-designated-initializers",
					"-Wno-nullability-completeness",
					"-Wno-error",
				);
			};
			name = Debug;
		};
/* End XCBuildConfiguration section */

/* Begin XCConfigurationList section */
		5020A86D24E758E00080F292 /* Build configuration list for PBXProject "BHTwitter" */ = {
			isa = XCConfigurationList;
			buildConfigurations = (
				5020A88A24E758E00080F292 /* Release */,
				5020A88B24E758E00080F292 /* Debug */,
			);
			defaultConfigurationIsVisible = 0;
			defaultConfigurationName = Release;
		};
		5020A88C24E758E00080F292 /* Build configuration list for PBXNativeTarget "BHTwitter" */ = {
			isa = XCConfigurationList;
			buildConfigurations = (
				5020A88D24E758E00080F292 /* Release */,
				5020A88E24E758E00080F292 /* Debug */,
			);
			defaultConfigurationIsVisible = 0;
			defaultConfigurationName = Release;
		};
/* End XCConfigurationList section */

/* Begin XCRemoteSwiftPackageReference section */
		91086146293001530011609E /* XCRemoteSwiftPackageReference "FLEX" */ = {
			isa = XCRemoteSwiftPackageReference;
			repositoryURL = "https://github.com/FLEXTool/FLEX";
			requirement = {
				kind = upToNextMajorVersion;
				minimumVersion = 5.0.0;
			};
		};
		91086149293005750011609E /* XCRemoteSwiftPackageReference "JGProgressHUD" */ = {
			isa = XCRemoteSwiftPackageReference;
			repositoryURL = "https://github.com/JonasGessner/JGProgressHUD";
			requirement = {
				branch = master;
				kind = branch;
			};
		};
/* End XCRemoteSwiftPackageReference section */

/* Begin XCSwiftPackageProductDependency section */
		91086147293001530011609E /* FLEX */ = {
			isa = XCSwiftPackageProductDependency;
			package = 91086146293001530011609E /* XCRemoteSwiftPackageReference "FLEX" */;
			productName = FLEX;
		};
		9108614A293005750011609E /* JGProgressHUD */ = {
			isa = XCSwiftPackageProductDependency;
			package = 91086149293005750011609E /* XCRemoteSwiftPackageReference "JGProgressHUD" */;
			productName = JGProgressHUD;
		};
/* End XCSwiftPackageProductDependency section */
	};
	rootObject = 5020A86A24E758E00080F292 /* Project object */;
}
