{
  "pins" : [
    {
      "identity" : "flex",
      "kind" : "remoteSourceControl",
      "location" : "https://github.com/FLEXTool/FLEX",
      "state" : {
        "revision" : "e0acf59d06d498041f65bbea1e5914b6e4b39733",
        "version" : "5.22.10"
      }
    },
    {
      "identity" : "jgprogresshud",
      "kind" : "remoteSourceControl",
      "location" : "https://github.com/JonasGessner/JGProgressHUD",
      "state" : {
        "branch" : "master",
        "revision" : "103d67f308b8c0c18926061025549af98cdfd6fc"
      }
    }
  ],
  "version" : 2
}
